
Microsoft Visual Studio Solution File, Format Version 12.00
# Visual Studio Version 16
VisualStudioVersion = 16.0.32228.343
MinimumVisualStudioVersion = 10.0.40219.1
Project("{FAE04EC0-301F-11D3-BF4B-00C04F79EFBC}") = "Farmers-MarketTemp", "Farmers-MarketTemp.csproj", "{301E9F3A-C9CF-4D2F-A078-D743BADFAA34}"
EndProject
Global
	GlobalSection(SolutionConfigurationPlatforms) = preSolution
		Debug|Any CPU = Debug|Any CPU
		Release|Any CPU = Release|Any CPU
	EndGlobalSection
	GlobalSection(ProjectConfigurationPlatforms) = postSolution
		{301E9F3A-C9CF-4D2F-A078-D743BADFAA34}.Debug|Any CPU.ActiveCfg = Debug|Any CPU
		{301E9F3A-C9CF-4D2F-A078-D743BADFAA34}.Debug|Any CPU.Build.0 = Debug|Any CPU
		{301E9F3A-C9CF-4D2F-A078-D743BADFAA34}.Release|Any CPU.ActiveCfg = Release|Any CPU
		{301E9F3A-C9CF-4D2F-A078-D743BADFAA34}.Release|Any CPU.Build.0 = Release|Any CPU
	EndGlobalSection
	GlobalSection(SolutionProperties) = preSolution
		HideSolutionNode = FALSE
	EndGlobalSection
	GlobalSection(ExtensibilityGlobals) = postSolution
		SolutionGuid = {32671626-1CDE-4054-8A11-529461090A4A}
	EndGlobalSection
EndGlobal
